
Microsoft Visual Studio Solution File, Format Version 12.00
# Visual Studio Version 17
VisualStudioVersion = 17.7.34031.279
MinimumVisualStudioVersion = 10.0.40219.1
Project("{9A19103F-16F7-4668-BE54-9A1E7A4F7556}") = "NSA-IPA", "src\NSA-IPA.csproj", "{74527A23-BA3B-471E-8293-91BA50B3FF03}"
EndProject
Global
	GlobalSection(SolutionConfigurationPlatforms) = preSolution
		Debug|Any CPU = Debug|Any CPU
		Release|Any CPU = Release|Any CPU
	EndGlobalSection
	GlobalSection(ProjectConfigurationPlatforms) = postSolution
		{74527A23-BA3B-471E-8293-91BA50B3FF03}.Debug|Any CPU.ActiveCfg = Debug|Any CPU
		{74527A23-BA3B-471E-8293-91BA50B3FF03}.Debug|Any CPU.Build.0 = Debug|Any CPU
		{74527A23-BA3B-471E-8293-91BA50B3FF03}.Release|Any CPU.ActiveCfg = Release|Any CPU
		{74527A23-BA3B-471E-8293-91BA50B3FF03}.Release|Any CPU.Build.0 = Release|Any CPU
	EndGlobalSection
	GlobalSection(SolutionProperties) = preSolution
		HideSolutionNode = FALSE
	EndGlobalSection
	GlobalSection(ExtensibilityGlobals) = postSolution
		SolutionGuid = {C03433C6-B2D4-48BB-9526-20F70323A299}
	EndGlobalSection
EndGlobal
